
Microsoft Visual Studio Solution File, Format Version 12.00
# Visual Studio Version 17
VisualStudioVersion = 17.10.35027.167
MinimumVisualStudioVersion = 10.0.40219.1
Project("{FAE04EC0-301F-11D3-BF4B-00C04F79EFBC}") = "hospitalmanagement.API", "hospitalmanagement.API\hospitalmanagement.API.csproj", "{47DFA8F7-4A8E-492C-A7A2-E1DDD96D0471}"
EndProject
Global
	GlobalSection(SolutionConfigurationPlatforms) = preSolution
		Debug|Any CPU = Debug|Any CPU
		Release|Any CPU = Release|Any CPU
	EndGlobalSection
	GlobalSection(ProjectConfigurationPlatforms) = postSolution
		{47DFA8F7-4A8E-492C-A7A2-E1DDD96D0471}.Debug|Any CPU.ActiveCfg = Debug|Any CPU
		{47DFA8F7-4A8E-492C-A7A2-E1DDD96D0471}.Debug|Any CPU.Build.0 = Debug|Any CPU
		{47DFA8F7-4A8E-492C-A7A2-E1DDD96D0471}.Release|Any CPU.ActiveCfg = Release|Any CPU
		{47DFA8F7-4A8E-492C-A7A2-E1DDD96D0471}.Release|Any CPU.Build.0 = Release|Any CPU
	EndGlobalSection
	GlobalSection(SolutionProperties) = preSolution
		HideSolutionNode = FALSE
	EndGlobalSection
	GlobalSection(ExtensibilityGlobals) = postSolution
		SolutionGuid = {86275181-78C8-4B29-A152-67AC23F31C7F}
	EndGlobalSection
EndGlobal
